// !$*UTF8*$!
{
	archiveVersion = 1;
	classes = {
	};
	objectVersion = 46;
	objects = {

/* Begin PBXBuildFile section */
		E5A48E6818E2809A005E7B1A /* ACMSettingsViewController.m in Sources */ = {isa = PBXBuildFile; fileRef = E5A48E6718E2809A005E7B1A /* ACMSettingsViewController.m */; };
		FC1BD32518A4630C00802B7B /* GoogleMaps.framework in Frameworks */ = {isa = PBXBuildFile; fileRef = FC1BD32418A4630C00802B7B /* GoogleMaps.framework */; };
		FC1BD32718A4632000802B7B /* GoogleMaps.bundle in Resources */ = {isa = PBXBuildFile; fileRef = FC1BD32618A4632000802B7B /* GoogleMaps.bundle */; };
		FC6ADF3C18A1C233000DDB1C /* MainStoryboard.storyboard in Resources */ = {isa = PBXBuildFile; fileRef = FC6ADF3B18A1C233000DDB1C /* MainStoryboard.storyboard */; };
		FC6ADF3F18A1C376000DDB1C /* ACMMapViewController.m in Sources */ = {isa = PBXBuildFile; fileRef = FC6ADF3E18A1C376000DDB1C /* ACMMapViewController.m */; };
		FC6ADF4218A1C935000DDB1C /* AVFoundation.framework in Frameworks */ = {isa = PBXBuildFile; fileRef = FC6ADF4118A1C935000DDB1C /* AVFoundation.framework */; };
		FC6ADF4418A1C93D000DDB1C /* CoreData.framework in Frameworks */ = {isa = PBXBuildFile; fileRef = FC6ADF4318A1C93D000DDB1C /* CoreData.framework */; };
		FC6ADF4618A1C944000DDB1C /* CoreLocation.framework in Frameworks */ = {isa = PBXBuildFile; fileRef = FC6ADF4518A1C944000DDB1C /* CoreLocation.framework */; };
		FC6ADF4818A1C94B000DDB1C /* CoreText.framework in Frameworks */ = {isa = PBXBuildFile; fileRef = FC6ADF4718A1C94B000DDB1C /* CoreText.framework */; };
		FC6ADF4A18A1C951000DDB1C /* GLKit.framework in Frameworks */ = {isa = PBXBuildFile; fileRef = FC6ADF4918A1C951000DDB1C /* GLKit.framework */; };
		FC6ADF4C18A1C95A000DDB1C /* ImageIO.framework in Frameworks */ = {isa = PBXBuildFile; fileRef = FC6ADF4B18A1C95A000DDB1C /* ImageIO.framework */; };
		FC6ADF4E18A1C964000DDB1C /* libc++.dylib in Frameworks */ = {isa = PBXBuildFile; fileRef = FC6ADF4D18A1C964000DDB1C /* libc++.dylib */; };
		FC6ADF5018A1C96C000DDB1C /* libicucore.dylib in Frameworks */ = {isa = PBXBuildFile; fileRef = FC6ADF4F18A1C96C000DDB1C /* libicucore.dylib */; };
		FC6ADF5218A1C973000DDB1C /* libz.dylib in Frameworks */ = {isa = PBXBuildFile; fileRef = FC6ADF5118A1C973000DDB1C /* libz.dylib */; };
		FC6ADF5418A1C97A000DDB1C /* OpenGLES.framework in Frameworks */ = {isa = PBXBuildFile; fileRef = FC6ADF5318A1C97A000DDB1C /* OpenGLES.framework */; };
		FC6ADF5618A1C980000DDB1C /* QuartzCore.framework in Frameworks */ = {isa = PBXBuildFile; fileRef = FC6ADF5518A1C980000DDB1C /* QuartzCore.framework */; };
		FC6ADF5818A1C988000DDB1C /* SystemConfiguration.framework in Frameworks */ = {isa = PBXBuildFile; fileRef = FC6ADF5718A1C988000DDB1C /* SystemConfiguration.framework */; };
		FCA9EE1018A1BA93000789DD /* Foundation.framework in Frameworks */ = {isa = PBXBuildFile; fileRef = FCA9EE0F18A1BA93000789DD /* Foundation.framework */; };
		FCA9EE1218A1BA93000789DD /* CoreGraphics.framework in Frameworks */ = {isa = PBXBuildFile; fileRef = FCA9EE1118A1BA93000789DD /* CoreGraphics.framework */; };
		FCA9EE1418A1BA93000789DD /* UIKit.framework in Frameworks */ = {isa = PBXBuildFile; fileRef = FCA9EE1318A1BA93000789DD /* UIKit.framework */; };
		FCA9EE1A18A1BA93000789DD /* InfoPlist.strings in Resources */ = {isa = PBXBuildFile; fileRef = FCA9EE1818A1BA93000789DD /* InfoPlist.strings */; };
		FCA9EE1C18A1BA93000789DD /* main.m in Sources */ = {isa = PBXBuildFile; fileRef = FCA9EE1B18A1BA93000789DD /* main.m */; };
		FCA9EE2018A1BA93000789DD /* ACMAppDelegate.m in Sources */ = {isa = PBXBuildFile; fileRef = FCA9EE1F18A1BA93000789DD /* ACMAppDelegate.m */; };
		FCA9EE2218A1BA93000789DD /* Images.xcassets in Resources */ = {isa = PBXBuildFile; fileRef = FCA9EE2118A1BA93000789DD /* Images.xcassets */; };
		FCA9EE2918A1BA93000789DD /* XCTest.framework in Frameworks */ = {isa = PBXBuildFile; fileRef = FCA9EE2818A1BA93000789DD /* XCTest.framework */; };
		FCA9EE2A18A1BA93000789DD /* Foundation.framework in Frameworks */ = {isa = PBXBuildFile; fileRef = FCA9EE0F18A1BA93000789DD /* Foundation.framework */; };
		FCA9EE2B18A1BA93000789DD /* UIKit.framework in Frameworks */ = {isa = PBXBuildFile; fileRef = FCA9EE1318A1BA93000789DD /* UIKit.framework */; };
		FCA9EE3318A1BA93000789DD /* InfoPlist.strings in Resources */ = {isa = PBXBuildFile; fileRef = FCA9EE3118A1BA93000789DD /* InfoPlist.strings */; };
		FCA9EE3518A1BA93000789DD /* SafeWalkTests.m in Sources */ = {isa = PBXBuildFile; fileRef = FCA9EE3418A1BA93000789DD /* SafeWalkTests.m */; };
/* End PBXBuildFile section */

/* Begin PBXContainerItemProxy section */
		FCA9EE2C18A1BA93000789DD /* PBXContainerItemProxy */ = {
			isa = PBXContainerItemProxy;
			containerPortal = FCA9EE0418A1BA93000789DD /* Project object */;
			proxyType = 1;
			remoteGlobalIDString = FCA9EE0B18A1BA93000789DD;
			remoteInfo = SafeWalk;
		};
/* End PBXContainerItemProxy section */

/* Begin PBXFileReference section */
		E5A48E6618E2809A005E7B1A /* ACMSettingsViewController.h */ = {isa = PBXFileReference; fileEncoding = 4; lastKnownFileType = sourcecode.c.h; path = ACMSettingsViewController.h; sourceTree = "<group>"; };
		E5A48E6718E2809A005E7B1A /* ACMSettingsViewController.m */ = {isa = PBXFileReference; fileEncoding = 4; lastKnownFileType = sourcecode.c.objc; path = ACMSettingsViewController.m; sourceTree = "<group>"; };
		FC1BD32418A4630C00802B7B /* GoogleMaps.framework */ = {isa = PBXFileReference; lastKnownFileType = wrapper.framework; name = GoogleMaps.framework; path = Frameworks/GoogleMaps.framework; sourceTree = "<group>"; };
		FC1BD32618A4632000802B7B /* GoogleMaps.bundle */ = {isa = PBXFileReference; lastKnownFileType = "wrapper.plug-in"; name = GoogleMaps.bundle; path = Frameworks/GoogleMaps.framework/Versions/A/Resources/GoogleMaps.bundle; sourceTree = "<group>"; };
		FC6ADF3B18A1C233000DDB1C /* MainStoryboard.storyboard */ = {isa = PBXFileReference; fileEncoding = 4; lastKnownFileType = file.storyboard; path = MainStoryboard.storyboard; sourceTree = "<group>"; };
		FC6ADF3D18A1C376000DDB1C /* ACMMapViewController.h */ = {isa = PBXFileReference; fileEncoding = 4; lastKnownFileType = sourcecode.c.h; path = ACMMapViewController.h; sourceTree = "<group>"; };
		FC6ADF3E18A1C376000DDB1C /* ACMMapViewController.m */ = {isa = PBXFileReference; fileEncoding = 4; lastKnownFileType = sourcecode.c.objc; path = ACMMapViewController.m; sourceTree = "<group>"; };
		FC6ADF4118A1C935000DDB1C /* AVFoundation.framework */ = {isa = PBXFileReference; lastKnownFileType = wrapper.framework; name = AVFoundation.framework; path = System/Library/Frameworks/AVFoundation.framework; sourceTree = SDKROOT; };
		FC6ADF4318A1C93D000DDB1C /* CoreData.framework */ = {isa = PBXFileReference; lastKnownFileType = wrapper.framework; name = CoreData.framework; path = System/Library/Frameworks/CoreData.framework; sourceTree = SDKROOT; };
		FC6ADF4518A1C944000DDB1C /* CoreLocation.framework */ = {isa = PBXFileReference; lastKnownFileType = wrapper.framework; name = CoreLocation.framework; path = System/Library/Frameworks/CoreLocation.framework; sourceTree = SDKROOT; };
		FC6ADF4718A1C94B000DDB1C /* CoreText.framework */ = {isa = PBXFileReference; lastKnownFileType = wrapper.framework; name = CoreText.framework; path = System/Library/Frameworks/CoreText.framework; sourceTree = SDKROOT; };
		FC6ADF4918A1C951000DDB1C /* GLKit.framework */ = {isa = PBXFileReference; lastKnownFileType = wrapper.framework; name = GLKit.framework; path = System/Library/Frameworks/GLKit.framework; sourceTree = SDKROOT; };
		FC6ADF4B18A1C95A000DDB1C /* ImageIO.framework */ = {isa = PBXFileReference; lastKnownFileType = wrapper.framework; name = ImageIO.framework; path = System/Library/Frameworks/ImageIO.framework; sourceTree = SDKROOT; };
		FC6ADF4D18A1C964000DDB1C /* libc++.dylib */ = {isa = PBXFileReference; lastKnownFileType = "compiled.mach-o.dylib"; name = "libc++.dylib"; path = "usr/lib/libc++.dylib"; sourceTree = SDKROOT; };
		FC6ADF4F18A1C96C000DDB1C /* libicucore.dylib */ = {isa = PBXFileReference; lastKnownFileType = "compiled.mach-o.dylib"; name = libicucore.dylib; path = usr/lib/libicucore.dylib; sourceTree = SDKROOT; };
		FC6ADF5118A1C973000DDB1C /* libz.dylib */ = {isa = PBXFileReference; lastKnownFileType = "compiled.mach-o.dylib"; name = libz.dylib; path = usr/lib/libz.dylib; sourceTree = SDKROOT; };
		FC6ADF5318A1C97A000DDB1C /* OpenGLES.framework */ = {isa = PBXFileReference; lastKnownFileType = wrapper.framework; name = OpenGLES.framework; path = System/Library/Frameworks/OpenGLES.framework; sourceTree = SDKROOT; };
		FC6ADF5518A1C980000DDB1C /* QuartzCore.framework */ = {isa = PBXFileReference; lastKnownFileType = wrapper.framework; name = QuartzCore.framework; path = System/Library/Frameworks/QuartzCore.framework; sourceTree = SDKROOT; };
		FC6ADF5718A1C988000DDB1C /* SystemConfiguration.framework */ = {isa = PBXFileReference; lastKnownFileType = wrapper.framework; name = SystemConfiguration.framework; path = System/Library/Frameworks/SystemConfiguration.framework; sourceTree = SDKROOT; };
		FCA9EE0C18A1BA93000789DD /* SafeWalk.app */ = {isa = PBXFileReference; explicitFileType = wrapper.application; includeInIndex = 0; path = SafeWalk.app; sourceTree = BUILT_PRODUCTS_DIR; };
		FCA9EE0F18A1BA93000789DD /* Foundation.framework */ = {isa = PBXFileReference; lastKnownFileType = wrapper.framework; name = Foundation.framework; path = System/Library/Frameworks/Foundation.framework; sourceTree = SDKROOT; };
		FCA9EE1118A1BA93000789DD /* CoreGraphics.framework */ = {isa = PBXFileReference; lastKnownFileType = wrapper.framework; name = CoreGraphics.framework; path = System/Library/Frameworks/CoreGraphics.framework; sourceTree = SDKROOT; };
		FCA9EE1318A1BA93000789DD /* UIKit.framework */ = {isa = PBXFileReference; lastKnownFileType = wrapper.framework; name = UIKit.framework; path = System/Library/Frameworks/UIKit.framework; sourceTree = SDKROOT; };
		FCA9EE1718A1BA93000789DD /* SafeWalk-Info.plist */ = {isa = PBXFileReference; lastKnownFileType = text.plist.xml; path = "SafeWalk-Info.plist"; sourceTree = "<group>"; };
		FCA9EE1918A1BA93000789DD /* en */ = {isa = PBXFileReference; lastKnownFileType = text.plist.strings; name = en; path = en.lproj/InfoPlist.strings; sourceTree = "<group>"; };
		FCA9EE1B18A1BA93000789DD /* main.m */ = {isa = PBXFileReference; lastKnownFileType = sourcecode.c.objc; path = main.m; sourceTree = "<group>"; };
		FCA9EE1D18A1BA93000789DD /* SafeWalk-Prefix.pch */ = {isa = PBXFileReference; lastKnownFileType = sourcecode.c.h; path = "SafeWalk-Prefix.pch"; sourceTree = "<group>"; };
		FCA9EE1E18A1BA93000789DD /* ACMAppDelegate.h */ = {isa = PBXFileReference; lastKnownFileType = sourcecode.c.h; path = ACMAppDelegate.h; sourceTree = "<group>"; };
		FCA9EE1F18A1BA93000789DD /* ACMAppDelegate.m */ = {isa = PBXFileReference; lastKnownFileType = sourcecode.c.objc; path = ACMAppDelegate.m; sourceTree = "<group>"; };
		FCA9EE2118A1BA93000789DD /* Images.xcassets */ = {isa = PBXFileReference; lastKnownFileType = folder.assetcatalog; path = Images.xcassets; sourceTree = "<group>"; };
		FCA9EE2718A1BA93000789DD /* SafeWalkTests.xctest */ = {isa = PBXFileReference; explicitFileType = wrapper.cfbundle; includeInIndex = 0; path = SafeWalkTests.xctest; sourceTree = BUILT_PRODUCTS_DIR; };
		FCA9EE2818A1BA93000789DD /* XCTest.framework */ = {isa = PBXFileReference; lastKnownFileType = wrapper.framework; name = XCTest.framework; path = Library/Frameworks/XCTest.framework; sourceTree = DEVELOPER_DIR; };
		FCA9EE3018A1BA93000789DD /* SafeWalkTests-Info.plist */ = {isa = PBXFileReference; lastKnownFileType = text.plist.xml; path = "SafeWalkTests-Info.plist"; sourceTree = "<group>"; };
		FCA9EE3218A1BA93000789DD /* en */ = {isa = PBXFileReference; lastKnownFileType = text.plist.strings; name = en; path = en.lproj/InfoPlist.strings; sourceTree = "<group>"; };
		FCA9EE3418A1BA93000789DD /* SafeWalkTests.m */ = {isa = PBXFileReference; lastKnownFileType = sourcecode.c.objc; path = SafeWalkTests.m; sourceTree = "<group>"; };
/* End PBXFileReference section */

/* Begin PBXFrameworksBuildPhase section */
		FCA9EE0918A1BA93000789DD /* Frameworks */ = {
			isa = PBXFrameworksBuildPhase;
			buildActionMask = 2147483647;
			files = (
				FC6ADF5818A1C988000DDB1C /* SystemConfiguration.framework in Frameworks */,
				FC6ADF5618A1C980000DDB1C /* QuartzCore.framework in Frameworks */,
				FC6ADF5418A1C97A000DDB1C /* OpenGLES.framework in Frameworks */,
				FC6ADF5218A1C973000DDB1C /* libz.dylib in Frameworks */,
				FC6ADF5018A1C96C000DDB1C /* libicucore.dylib in Frameworks */,
				FC6ADF4E18A1C964000DDB1C /* libc++.dylib in Frameworks */,
				FC6ADF4C18A1C95A000DDB1C /* ImageIO.framework in Frameworks */,
				FC6ADF4A18A1C951000DDB1C /* GLKit.framework in Frameworks */,
				FC6ADF4818A1C94B000DDB1C /* CoreText.framework in Frameworks */,
				FC6ADF4618A1C944000DDB1C /* CoreLocation.framework in Frameworks */,
				FC6ADF4418A1C93D000DDB1C /* CoreData.framework in Frameworks */,
				FC6ADF4218A1C935000DDB1C /* AVFoundation.framework in Frameworks */,
				FCA9EE1218A1BA93000789DD /* CoreGraphics.framework in Frameworks */,
				FCA9EE1418A1BA93000789DD /* UIKit.framework in Frameworks */,
				FC1BD32518A4630C00802B7B /* GoogleMaps.framework in Frameworks */,
				FCA9EE1018A1BA93000789DD /* Foundation.framework in Frameworks */,
			);
			runOnlyForDeploymentPostprocessing = 0;
		};
		FCA9EE2418A1BA93000789DD /* Frameworks */ = {
			isa = PBXFrameworksBuildPhase;
			buildActionMask = 2147483647;
			files = (
				FCA9EE2918A1BA93000789DD /* XCTest.framework in Frameworks */,
				FCA9EE2B18A1BA93000789DD /* UIKit.framework in Frameworks */,
				FCA9EE2A18A1BA93000789DD /* Foundation.framework in Frameworks */,
			);
			runOnlyForDeploymentPostprocessing = 0;
		};
/* End PBXFrameworksBuildPhase section */

/* Begin PBXGroup section */
		FC6ADF3818A1BED9000DDB1C /* Frameworks */ = {
			isa = PBXGroup;
			children = (
			);
			path = Frameworks;
			sourceTree = "<group>";
		};
		FCA9EE0318A1BA93000789DD = {
			isa = PBXGroup;
			children = (
				FCA9EE1518A1BA93000789DD /* SafeWalk */,
				FCA9EE2E18A1BA93000789DD /* SafeWalkTests */,
				FCA9EE0E18A1BA93000789DD /* Frameworks */,
				FCA9EE0D18A1BA93000789DD /* Products */,
			);
			sourceTree = "<group>";
		};
		FCA9EE0D18A1BA93000789DD /* Products */ = {
			isa = PBXGroup;
			children = (
				FCA9EE0C18A1BA93000789DD /* SafeWalk.app */,
				FCA9EE2718A1BA93000789DD /* SafeWalkTests.xctest */,
			);
			name = Products;
			sourceTree = "<group>";
		};
		FCA9EE0E18A1BA93000789DD /* Frameworks */ = {
			isa = PBXGroup;
			children = (
				FC1BD32618A4632000802B7B /* GoogleMaps.bundle */,
				FC1BD32418A4630C00802B7B /* GoogleMaps.framework */,
				FC6ADF5718A1C988000DDB1C /* SystemConfiguration.framework */,
				FC6ADF5518A1C980000DDB1C /* QuartzCore.framework */,
				FC6ADF5318A1C97A000DDB1C /* OpenGLES.framework */,
				FC6ADF5118A1C973000DDB1C /* libz.dylib */,
				FC6ADF4F18A1C96C000DDB1C /* libicucore.dylib */,
				FC6ADF4D18A1C964000DDB1C /* libc++.dylib */,
				FC6ADF4B18A1C95A000DDB1C /* ImageIO.framework */,
				FC6ADF4918A1C951000DDB1C /* GLKit.framework */,
				FC6ADF4718A1C94B000DDB1C /* CoreText.framework */,
				FC6ADF4518A1C944000DDB1C /* CoreLocation.framework */,
				FC6ADF4318A1C93D000DDB1C /* CoreData.framework */,
				FC6ADF4118A1C935000DDB1C /* AVFoundation.framework */,
				FC6ADF3818A1BED9000DDB1C /* Frameworks */,
				FCA9EE0F18A1BA93000789DD /* Foundation.framework */,
				FCA9EE1118A1BA93000789DD /* CoreGraphics.framework */,
				FCA9EE1318A1BA93000789DD /* UIKit.framework */,
				FCA9EE2818A1BA93000789DD /* XCTest.framework */,
			);
			name = Frameworks;
			sourceTree = "<group>";
		};
		FCA9EE1518A1BA93000789DD /* SafeWalk */ = {
			isa = PBXGroup;
			children = (
				FCA9EE1E18A1BA93000789DD /* ACMAppDelegate.h */,
				FCA9EE1F18A1BA93000789DD /* ACMAppDelegate.m */,
				FCA9EE2118A1BA93000789DD /* Images.xcassets */,
				FCA9EE1618A1BA93000789DD /* Supporting Files */,
				FC6ADF3B18A1C233000DDB1C /* MainStoryboard.storyboard */,
				FC6ADF3D18A1C376000DDB1C /* ACMMapViewController.h */,
				FC6ADF3E18A1C376000DDB1C /* ACMMapViewController.m */,
				E5A48E6618E2809A005E7B1A /* ACMSettingsViewController.h */,
				E5A48E6718E2809A005E7B1A /* ACMSettingsViewController.m */,
			);
			path = SafeWalk;
			sourceTree = "<group>";
		};
		FCA9EE1618A1BA93000789DD /* Supporting Files */ = {
			isa = PBXGroup;
			children = (
				FCA9EE1718A1BA93000789DD /* SafeWalk-Info.plist */,
				FCA9EE1818A1BA93000789DD /* InfoPlist.strings */,
				FCA9EE1B18A1BA93000789DD /* main.m */,
				FCA9EE1D18A1BA93000789DD /* SafeWalk-Prefix.pch */,
			);
			name = "Supporting Files";
			sourceTree = "<group>";
		};
		FCA9EE2E18A1BA93000789DD /* SafeWalkTests */ = {
			isa = PBXGroup;
			children = (
				FCA9EE3418A1BA93000789DD /* SafeWalkTests.m */,
				FCA9EE2F18A1BA93000789DD /* Supporting Files */,
			);
			path = SafeWalkTests;
			sourceTree = "<group>";
		};
		FCA9EE2F18A1BA93000789DD /* Supporting Files */ = {
			isa = PBXGroup;
			children = (
				FCA9EE3018A1BA93000789DD /* SafeWalkTests-Info.plist */,
				FCA9EE3118A1BA93000789DD /* InfoPlist.strings */,
			);
			name = "Supporting Files";
			sourceTree = "<group>";
		};
/* End PBXGroup section */

/* Begin PBXNativeTarget section */
		FCA9EE0B18A1BA93000789DD /* SafeWalk */ = {
			isa = PBXNativeTarget;
			buildConfigurationList = FCA9EE3818A1BA93000789DD /* Build configuration list for PBXNativeTarget "SafeWalk" */;
			buildPhases = (
				FCA9EE0818A1BA93000789DD /* Sources */,
				FCA9EE0918A1BA93000789DD /* Frameworks */,
				FCA9EE0A18A1BA93000789DD /* Resources */,
			);
			buildRules = (
			);
			dependencies = (
			);
			name = SafeWalk;
			productName = SafeWalk;
			productReference = FCA9EE0C18A1BA93000789DD /* SafeWalk.app */;
			productType = "com.apple.product-type.application";
		};
		FCA9EE2618A1BA93000789DD /* SafeWalkTests */ = {
			isa = PBXNativeTarget;
			buildConfigurationList = FCA9EE3B18A1BA93000789DD /* Build configuration list for PBXNativeTarget "SafeWalkTests" */;
			buildPhases = (
				FCA9EE2318A1BA93000789DD /* Sources */,
				FCA9EE2418A1BA93000789DD /* Frameworks */,
				FCA9EE2518A1BA93000789DD /* Resources */,
			);
			buildRules = (
			);
			dependencies = (
				FCA9EE2D18A1BA93000789DD /* PBXTargetDependency */,
			);
			name = SafeWalkTests;
			productName = SafeWalkTests;
			productReference = FCA9EE2718A1BA93000789DD /* SafeWalkTests.xctest */;
			productType = "com.apple.product-type.bundle.unit-test";
		};
/* End PBXNativeTarget section */

/* Begin PBXProject section */
		FCA9EE0418A1BA93000789DD /* Project object */ = {
			isa = PBXProject;
			attributes = {
				CLASSPREFIX = ACM;
				LastUpgradeCheck = 0500;
				ORGANIZATIONNAME = "Eric Templin";
				TargetAttributes = {
					FCA9EE2618A1BA93000789DD = {
						TestTargetID = FCA9EE0B18A1BA93000789DD;
					};
				};
			};
			buildConfigurationList = FCA9EE0718A1BA93000789DD /* Build configuration list for PBXProject "SafeWalk" */;
			compatibilityVersion = "Xcode 3.2";
			developmentRegion = English;
			hasScannedForEncodings = 0;
			knownRegions = (
				en,
			);
			mainGroup = FCA9EE0318A1BA93000789DD;
			productRefGroup = FCA9EE0D18A1BA93000789DD /* Products */;
			projectDirPath = "";
			projectRoot = "";
			targets = (
				FCA9EE0B18A1BA93000789DD /* SafeWalk */,
				FCA9EE2618A1BA93000789DD /* SafeWalkTests */,
			);
		};
/* End PBXProject section */

/* Begin PBXResourcesBuildPhase section */
		FCA9EE0A18A1BA93000789DD /* Resources */ = {
			isa = PBXResourcesBuildPhase;
			buildActionMask = 2147483647;
			files = (
				FC6ADF3C18A1C233000DDB1C /* MainStoryboard.storyboard in Resources */,
				FCA9EE1A18A1BA93000789DD /* InfoPlist.strings in Resources */,
				FCA9EE2218A1BA93000789DD /* Images.xcassets in Resources */,
				FC1BD32718A4632000802B7B /* GoogleMaps.bundle in Resources */,
			);
			runOnlyForDeploymentPostprocessing = 0;
		};
		FCA9EE2518A1BA93000789DD /* Resources */ = {
			isa = PBXResourcesBuildPhase;
			buildActionMask = 2147483647;
			files = (
				FCA9EE3318A1BA93000789DD /* InfoPlist.strings in Resources */,
			);
			runOnlyForDeploymentPostprocessing = 0;
		};
/* End PBXResourcesBuildPhase section */

/* Begin PBXSourcesBuildPhase section */
		FCA9EE0818A1BA93000789DD /* Sources */ = {
			isa = PBXSourcesBuildPhase;
			buildActionMask = 2147483647;
			files = (
				FCA9EE2018A1BA93000789DD /* ACMAppDelegate.m in Sources */,
				FCA9EE1C18A1BA93000789DD /* main.m in Sources */,
				FC6ADF3F18A1C376000DDB1C /* ACMMapViewController.m in Sources */,
				E5A48E6818E2809A005E7B1A /* ACMSettingsViewController.m in Sources */,
			);
			runOnlyForDeploymentPostprocessing = 0;
		};
		FCA9EE2318A1BA93000789DD /* Sources */ = {
			isa = PBXSourcesBuildPhase;
			buildActionMask = 2147483647;
			files = (
				FCA9EE3518A1BA93000789DD /* SafeWalkTests.m in Sources */,
			);
			runOnlyForDeploymentPostprocessing = 0;
		};
/* End PBXSourcesBuildPhase section */

/* Begin PBXTargetDependency section */
		FCA9EE2D18A1BA93000789DD /* PBXTargetDependency */ = {
			isa = PBXTargetDependency;
			target = FCA9EE0B18A1BA93000789DD /* SafeWalk */;
			targetProxy = FCA9EE2C18A1BA93000789DD /* PBXContainerItemProxy */;
		};
/* End PBXTargetDependency section */

/* Begin PBXVariantGroup section */
		FCA9EE1818A1BA93000789DD /* InfoPlist.strings */ = {
			isa = PBXVariantGroup;
			children = (
				FCA9EE1918A1BA93000789DD /* en */,
			);
			name = InfoPlist.strings;
			sourceTree = "<group>";
		};
		FCA9EE3118A1BA93000789DD /* InfoPlist.strings */ = {
			isa = PBXVariantGroup;
			children = (
				FCA9EE3218A1BA93000789DD /* en */,
			);
			name = InfoPlist.strings;
			sourceTree = "<group>";
		};
/* End PBXVariantGroup section */

/* Begin XCBuildConfiguration section */
		FCA9EE3618A1BA93000789DD /* Debug */ = {
			isa = XCBuildConfiguration;
			buildSettings = {
				ALWAYS_SEARCH_USER_PATHS = NO;
				ARCHS = "$(ARCHS_STANDARD_INCLUDING_64_BIT)";
				CLANG_CXX_LANGUAGE_STANDARD = "gnu++0x";
				CLANG_CXX_LIBRARY = "libc++";
				CLANG_ENABLE_MODULES = YES;
				CLANG_ENABLE_OBJC_ARC = YES;
				CLANG_WARN_BOOL_CONVERSION = YES;
				CLANG_WARN_CONSTANT_CONVERSION = YES;
				CLANG_WARN_DIRECT_OBJC_ISA_USAGE = YES_ERROR;
				CLANG_WARN_EMPTY_BODY = YES;
				CLANG_WARN_ENUM_CONVERSION = YES;
				CLANG_WARN_INT_CONVERSION = YES;
				CLANG_WARN_OBJC_ROOT_CLASS = YES_ERROR;
				CLANG_WARN__DUPLICATE_METHOD_MATCH = YES;
				"CODE_SIGN_IDENTITY[sdk=iphoneos*]" = "iPhone Developer";
				COPY_PHASE_STRIP = NO;
				GCC_C_LANGUAGE_STANDARD = gnu99;
				GCC_DYNAMIC_NO_PIC = NO;
				GCC_OPTIMIZATION_LEVEL = 0;
				GCC_PREPROCESSOR_DEFINITIONS = (
					"DEBUG=1",
					"$(inherited)",
				);
				GCC_SYMBOLS_PRIVATE_EXTERN = NO;
				GCC_WARN_64_TO_32_BIT_CONVERSION = YES;
				GCC_WARN_ABOUT_RETURN_TYPE = YES_ERROR;
				GCC_WARN_UNDECLARED_SELECTOR = YES;
				GCC_WARN_UNINITIALIZED_AUTOS = YES;
				GCC_WARN_UNUSED_FUNCTION = YES;
				GCC_WARN_UNUSED_VARIABLE = YES;
				IPHONEOS_DEPLOYMENT_TARGET = 7.0;
				ONLY_ACTIVE_ARCH = YES;
				SDKROOT = iphoneos;
			};
			name = Debug;
		};
		FCA9EE3718A1BA93000789DD /* Release */ = {
			isa = XCBuildConfiguration;
			buildSettings = {
				ALWAYS_SEARCH_USER_PATHS = NO;
				ARCHS = "$(ARCHS_STANDARD_INCLUDING_64_BIT)";
				CLANG_CXX_LANGUAGE_STANDARD = "gnu++0x";
				CLANG_CXX_LIBRARY = "libc++";
				CLANG_ENABLE_MODULES = YES;
				CLANG_ENABLE_OBJC_ARC = YES;
				CLANG_WARN_BOOL_CONVERSION = YES;
				CLANG_WARN_CONSTANT_CONVERSION = YES;
				CLANG_WARN_DIRECT_OBJC_ISA_USAGE = YES_ERROR;
				CLANG_WARN_EMPTY_BODY = YES;
				CLANG_WARN_ENUM_CONVERSION = YES;
				CLANG_WARN_INT_CONVERSION = YES;
				CLANG_WARN_OBJC_ROOT_CLASS = YES_ERROR;
				CLANG_WARN__DUPLICATE_METHOD_MATCH = YES;
				"CODE_SIGN_IDENTITY[sdk=iphoneos*]" = "iPhone Developer";
				COPY_PHASE_STRIP = YES;
				ENABLE_NS_ASSERTIONS = NO;
				GCC_C_LANGUAGE_STANDARD = gnu99;
				GCC_WARN_64_TO_32_BIT_CONVERSION = YES;
				GCC_WARN_ABOUT_RETURN_TYPE = YES_ERROR;
				GCC_WARN_UNDECLARED_SELECTOR = YES;
				GCC_WARN_UNINITIALIZED_AUTOS = YES;
				GCC_WARN_UNUSED_FUNCTION = YES;
				GCC_WARN_UNUSED_VARIABLE = YES;
				IPHONEOS_DEPLOYMENT_TARGET = 7.0;
				SDKROOT = iphoneos;
				VALIDATE_PRODUCT = YES;
			};
			name = Release;
		};
		FCA9EE3918A1BA93000789DD /* Debug */ = {
			isa = XCBuildConfiguration;
			buildSettings = {
				ASSETCATALOG_COMPILER_APPICON_NAME = AppIcon;
				ASSETCATALOG_COMPILER_LAUNCHIMAGE_NAME = LaunchImage;
				CODE_SIGN_IDENTITY = "iPhone Developer";
				FRAMEWORK_SEARCH_PATHS = (
					"$(inherited)",
					Frameworks,
				);
				GCC_PRECOMPILE_PREFIX_HEADER = YES;
				GCC_PREFIX_HEADER = "SafeWalk/SafeWalk-Prefix.pch";
				INFOPLIST_FILE = "SafeWalk/SafeWalk-Info.plist";
				IPHONEOS_DEPLOYMENT_TARGET = 7.0;
				OTHER_LDFLAGS = "-ObjC";
				PRODUCT_NAME = "$(TARGET_NAME)";
				WRAPPER_EXTENSION = app;
			};
			name = Debug;
		};
		FCA9EE3A18A1BA93000789DD /* Release */ = {
			isa = XCBuildConfiguration;
			buildSettings = {
				ASSETCATALOG_COMPILER_APPICON_NAME = AppIcon;
				ASSETCATALOG_COMPILER_LAUNCHIMAGE_NAME = LaunchImage;
				CODE_SIGN_IDENTITY = "iPhone Developer";
				FRAMEWORK_SEARCH_PATHS = (
					"$(inherited)",
					Frameworks,
				);
				GCC_PRECOMPILE_PREFIX_HEADER = YES;
				GCC_PREFIX_HEADER = "SafeWalk/SafeWalk-Prefix.pch";
				INFOPLIST_FILE = "SafeWalk/SafeWalk-Info.plist";
				IPHONEOS_DEPLOYMENT_TARGET = 7.0;
				OTHER_LDFLAGS = "-ObjC";
				PRODUCT_NAME = "$(TARGET_NAME)";
				WRAPPER_EXTENSION = app;
			};
			name = Release;
		};
		FCA9EE3C18A1BA93000789DD /* Debug */ = {
			isa = XCBuildConfiguration;
			buildSettings = {
				ARCHS = "$(ARCHS_STANDARD_INCLUDING_64_BIT)";
				BUNDLE_LOADER = "$(BUILT_PRODUCTS_DIR)/SafeWalk.app/SafeWalk";
				FRAMEWORK_SEARCH_PATHS = (
					"$(SDKROOT)/Developer/Library/Frameworks",
					"$(inherited)",
					"$(DEVELOPER_FRAMEWORKS_DIR)",
				);
				GCC_PRECOMPILE_PREFIX_HEADER = YES;
				GCC_PREFIX_HEADER = "SafeWalk/SafeWalk-Prefix.pch";
				GCC_PREPROCESSOR_DEFINITIONS = (
					"DEBUG=1",
					"$(inherited)",
				);
				INFOPLIST_FILE = "SafeWalkTests/SafeWalkTests-Info.plist";
				PRODUCT_NAME = "$(TARGET_NAME)";
				TEST_HOST = "$(BUNDLE_LOADER)";
				WRAPPER_EXTENSION = xctest;
			};
			name = Debug;
		};
		FCA9EE3D18A1BA93000789DD /* Release */ = {
			isa = XCBuildConfiguration;
			buildSettings = {
				ARCHS = "$(ARCHS_STANDARD_INCLUDING_64_BIT)";
				BUNDLE_LOADER = "$(BUILT_PRODUCTS_DIR)/SafeWalk.app/SafeWalk";
				FRAMEWORK_SEARCH_PATHS = (
					"$(SDKROOT)/Developer/Library/Frameworks",
					"$(inherited)",
					"$(DEVELOPER_FRAMEWORKS_DIR)",
				);
				GCC_PRECOMPILE_PREFIX_HEADER = YES;
				GCC_PREFIX_HEADER = "SafeWalk/SafeWalk-Prefix.pch";
				INFOPLIST_FILE = "SafeWalkTests/SafeWalkTests-Info.plist";
				PRODUCT_NAME = "$(TARGET_NAME)";
				TEST_HOST = "$(BUNDLE_LOADER)";
				WRAPPER_EXTENSION = xctest;
			};
			name = Release;
		};
/* End XCBuildConfiguration section */

/* Begin XCConfigurationList section */
		FCA9EE0718A1BA93000789DD /* Build configuration list for PBXProject "SafeWalk" */ = {
			isa = XCConfigurationList;
			buildConfigurations = (
				FCA9EE3618A1BA93000789DD /* Debug */,
				FCA9EE3718A1BA93000789DD /* Release */,
			);
			defaultConfigurationIsVisible = 0;
			defaultConfigurationName = Release;
		};
		FCA9EE3818A1BA93000789DD /* Build configuration list for PBXNativeTarget "SafeWalk" */ = {
			isa = XCConfigurationList;
			buildConfigurations = (
				FCA9EE3918A1BA93000789DD /* Debug */,
				FCA9EE3A18A1BA93000789DD /* Release */,
			);
			defaultConfigurationIsVisible = 0;
			defaultConfigurationName = Release;
		};
		FCA9EE3B18A1BA93000789DD /* Build configuration list for PBXNativeTarget "SafeWalkTests" */ = {
			isa = XCConfigurationList;
			buildConfigurations = (
				FCA9EE3C18A1BA93000789DD /* Debug */,
				FCA9EE3D18A1BA93000789DD /* Release */,
			);
			defaultConfigurationIsVisible = 0;
			defaultConfigurationName = Release;
		};
/* End XCConfigurationList section */
	};
	rootObject = FCA9EE0418A1BA93000789DD /* Project object */;
}
