// !$*UTF8*$!
{
	archiveVersion = 1;
	classes = {
	};
	objectVersion = 46;
	objects = {

/* Begin PBXBuildFile section */
		E500F52B18987F380021F8B9 /* Foundation.framework in Frameworks */ = {isa = PBXBuildFile; fileRef = E500F52A18987F380021F8B9 /* Foundation.framework */; };
		E500F52D18987F380021F8B9 /* CoreGraphics.framework in Frameworks */ = {isa = PBXBuildFile; fileRef = E500F52C18987F380021F8B9 /* CoreGraphics.framework */; };
		E500F52F18987F380021F8B9 /* UIKit.framework in Frameworks */ = {isa = PBXBuildFile; fileRef = E500F52E18987F380021F8B9 /* UIKit.framework */; };
		E500F53518987F380021F8B9 /* InfoPlist.strings in Resources */ = {isa = PBXBuildFile; fileRef = E500F53318987F380021F8B9 /* InfoPlist.strings */; };
		E500F53718987F380021F8B9 /* main.m in Sources */ = {isa = PBXBuildFile; fileRef = E500F53618987F380021F8B9 /* main.m */; };
		E500F53B18987F380021F8B9 /* AppDelegate.m in Sources */ = {isa = PBXBuildFile; fileRef = E500F53A18987F380021F8B9 /* AppDelegate.m */; };
		E500F53E18987F380021F8B9 /* Main.storyboard in Resources */ = {isa = PBXBuildFile; fileRef = E500F53C18987F380021F8B9 /* Main.storyboard */; };
		E500F54118987F380021F8B9 /* MasterViewController.m in Sources */ = {isa = PBXBuildFile; fileRef = E500F54018987F380021F8B9 /* MasterViewController.m */; };
		E500F54418987F380021F8B9 /* DetailViewController.m in Sources */ = {isa = PBXBuildFile; fileRef = E500F54318987F380021F8B9 /* DetailViewController.m */; };
		E500F54618987F380021F8B9 /* Images.xcassets in Resources */ = {isa = PBXBuildFile; fileRef = E500F54518987F380021F8B9 /* Images.xcassets */; };
		E500F54D18987F380021F8B9 /* XCTest.framework in Frameworks */ = {isa = PBXBuildFile; fileRef = E500F54C18987F380021F8B9 /* XCTest.framework */; };
		E500F54E18987F380021F8B9 /* Foundation.framework in Frameworks */ = {isa = PBXBuildFile; fileRef = E500F52A18987F380021F8B9 /* Foundation.framework */; };
		E500F54F18987F380021F8B9 /* UIKit.framework in Frameworks */ = {isa = PBXBuildFile; fileRef = E500F52E18987F380021F8B9 /* UIKit.framework */; };
		E500F55718987F380021F8B9 /* InfoPlist.strings in Resources */ = {isa = PBXBuildFile; fileRef = E500F55518987F380021F8B9 /* InfoPlist.strings */; };
		E500F55918987F380021F8B9 /* SafeWalkTests.m in Sources */ = {isa = PBXBuildFile; fileRef = E500F55818987F380021F8B9 /* SafeWalkTests.m */; };
/* End PBXBuildFile section */

/* Begin PBXContainerItemProxy section */
		E500F55018987F380021F8B9 /* PBXContainerItemProxy */ = {
			isa = PBXContainerItemProxy;
			containerPortal = E500F51F18987F380021F8B9 /* Project object */;
			proxyType = 1;
			remoteGlobalIDString = E500F52618987F380021F8B9;
			remoteInfo = SafeWalk;
		};
/* End PBXContainerItemProxy section */

/* Begin PBXFileReference section */
		E500F52718987F380021F8B9 /* SafeWalk.app */ = {isa = PBXFileReference; explicitFileType = wrapper.application; includeInIndex = 0; path = SafeWalk.app; sourceTree = BUILT_PRODUCTS_DIR; };
		E500F52A18987F380021F8B9 /* Foundation.framework */ = {isa = PBXFileReference; lastKnownFileType = wrapper.framework; name = Foundation.framework; path = System/Library/Frameworks/Foundation.framework; sourceTree = SDKROOT; };
		E500F52C18987F380021F8B9 /* CoreGraphics.framework */ = {isa = PBXFileReference; lastKnownFileType = wrapper.framework; name = CoreGraphics.framework; path = System/Library/Frameworks/CoreGraphics.framework; sourceTree = SDKROOT; };
		E500F52E18987F380021F8B9 /* UIKit.framework */ = {isa = PBXFileReference; lastKnownFileType = wrapper.framework; name = UIKit.framework; path = System/Library/Frameworks/UIKit.framework; sourceTree = SDKROOT; };
		E500F53218987F380021F8B9 /* SafeWalk-Info.plist */ = {isa = PBXFileReference; lastKnownFileType = text.plist.xml; path = "SafeWalk-Info.plist"; sourceTree = "<group>"; };
		E500F53418987F380021F8B9 /* en */ = {isa = PBXFileReference; lastKnownFileType = text.plist.strings; name = en; path = en.lproj/InfoPlist.strings; sourceTree = "<group>"; };
		E500F53618987F380021F8B9 /* main.m */ = {isa = PBXFileReference; lastKnownFileType = sourcecode.c.objc; path = main.m; sourceTree = "<group>"; };
		E500F53818987F380021F8B9 /* SafeWalk-Prefix.pch */ = {isa = PBXFileReference; lastKnownFileType = sourcecode.c.h; path = "SafeWalk-Prefix.pch"; sourceTree = "<group>"; };
		E500F53918987F380021F8B9 /* AppDelegate.h */ = {isa = PBXFileReference; lastKnownFileType = sourcecode.c.h; path = AppDelegate.h; sourceTree = "<group>"; };
		E500F53A18987F380021F8B9 /* AppDelegate.m */ = {isa = PBXFileReference; lastKnownFileType = sourcecode.c.objc; path = AppDelegate.m; sourceTree = "<group>"; };
		E500F53D18987F380021F8B9 /* Base */ = {isa = PBXFileReference; lastKnownFileType = file.storyboard; name = Base; path = Base.lproj/Main.storyboard; sourceTree = "<group>"; };
		E500F53F18987F380021F8B9 /* MasterViewController.h */ = {isa = PBXFileReference; lastKnownFileType = sourcecode.c.h; path = MasterViewController.h; sourceTree = "<group>"; };
		E500F54018987F380021F8B9 /* MasterViewController.m */ = {isa = PBXFileReference; lastKnownFileType = sourcecode.c.objc; path = MasterViewController.m; sourceTree = "<group>"; };
		E500F54218987F380021F8B9 /* DetailViewController.h */ = {isa = PBXFileReference; lastKnownFileType = sourcecode.c.h; path = DetailViewController.h; sourceTree = "<group>"; };
		E500F54318987F380021F8B9 /* DetailViewController.m */ = {isa = PBXFileReference; lastKnownFileType = sourcecode.c.objc; path = DetailViewController.m; sourceTree = "<group>"; };
		E500F54518987F380021F8B9 /* Images.xcassets */ = {isa = PBXFileReference; lastKnownFileType = folder.assetcatalog; path = Images.xcassets; sourceTree = "<group>"; };
		E500F54B18987F380021F8B9 /* SafeWalkTests.xctest */ = {isa = PBXFileReference; explicitFileType = wrapper.cfbundle; includeInIndex = 0; path = SafeWalkTests.xctest; sourceTree = BUILT_PRODUCTS_DIR; };
		E500F54C18987F380021F8B9 /* XCTest.framework */ = {isa = PBXFileReference; lastKnownFileType = wrapper.framework; name = XCTest.framework; path = Library/Frameworks/XCTest.framework; sourceTree = DEVELOPER_DIR; };
		E500F55418987F380021F8B9 /* SafeWalkTests-Info.plist */ = {isa = PBXFileReference; lastKnownFileType = text.plist.xml; path = "SafeWalkTests-Info.plist"; sourceTree = "<group>"; };
		E500F55618987F380021F8B9 /* en */ = {isa = PBXFileReference; lastKnownFileType = text.plist.strings; name = en; path = en.lproj/InfoPlist.strings; sourceTree = "<group>"; };
		E500F55818987F380021F8B9 /* SafeWalkTests.m */ = {isa = PBXFileReference; lastKnownFileType = sourcecode.c.objc; path = SafeWalkTests.m; sourceTree = "<group>"; };
/* End PBXFileReference section */

/* Begin PBXFrameworksBuildPhase section */
		E500F52418987F380021F8B9 /* Frameworks */ = {
			isa = PBXFrameworksBuildPhase;
			buildActionMask = 2147483647;
			files = (
				E500F52D18987F380021F8B9 /* CoreGraphics.framework in Frameworks */,
				E500F52F18987F380021F8B9 /* UIKit.framework in Frameworks */,
				E500F52B18987F380021F8B9 /* Foundation.framework in Frameworks */,
			);
			runOnlyForDeploymentPostprocessing = 0;
		};
		E500F54818987F380021F8B9 /* Frameworks */ = {
			isa = PBXFrameworksBuildPhase;
			buildActionMask = 2147483647;
			files = (
				E500F54D18987F380021F8B9 /* XCTest.framework in Frameworks */,
				E500F54F18987F380021F8B9 /* UIKit.framework in Frameworks */,
				E500F54E18987F380021F8B9 /* Foundation.framework in Frameworks */,
			);
			runOnlyForDeploymentPostprocessing = 0;
		};
/* End PBXFrameworksBuildPhase section */

/* Begin PBXGroup section */
		E500F51E18987F380021F8B9 = {
			isa = PBXGroup;
			children = (
				E500F53018987F380021F8B9 /* SafeWalk */,
				E500F55218987F380021F8B9 /* SafeWalkTests */,
				E500F52918987F380021F8B9 /* Frameworks */,
				E500F52818987F380021F8B9 /* Products */,
			);
			sourceTree = "<group>";
		};
		E500F52818987F380021F8B9 /* Products */ = {
			isa = PBXGroup;
			children = (
				E500F52718987F380021F8B9 /* SafeWalk.app */,
				E500F54B18987F380021F8B9 /* SafeWalkTests.xctest */,
			);
			name = Products;
			sourceTree = "<group>";
		};
		E500F52918987F380021F8B9 /* Frameworks */ = {
			isa = PBXGroup;
			children = (
				E500F52A18987F380021F8B9 /* Foundation.framework */,
				E500F52C18987F380021F8B9 /* CoreGraphics.framework */,
				E500F52E18987F380021F8B9 /* UIKit.framework */,
				E500F54C18987F380021F8B9 /* XCTest.framework */,
			);
			name = Frameworks;
			sourceTree = "<group>";
		};
		E500F53018987F380021F8B9 /* SafeWalk */ = {
			isa = PBXGroup;
			children = (
				E500F53918987F380021F8B9 /* AppDelegate.h */,
				E500F53A18987F380021F8B9 /* AppDelegate.m */,
				E500F53C18987F380021F8B9 /* Main.storyboard */,
				E500F53F18987F380021F8B9 /* MasterViewController.h */,
				E500F54018987F380021F8B9 /* MasterViewController.m */,
				E500F54218987F380021F8B9 /* DetailViewController.h */,
				E500F54318987F380021F8B9 /* DetailViewController.m */,
				E500F54518987F380021F8B9 /* Images.xcassets */,
				E500F53118987F380021F8B9 /* Supporting Files */,
			);
			path = SafeWalk;
			sourceTree = "<group>";
		};
		E500F53118987F380021F8B9 /* Supporting Files */ = {
			isa = PBXGroup;
			children = (
				E500F53218987F380021F8B9 /* SafeWalk-Info.plist */,
				E500F53318987F380021F8B9 /* InfoPlist.strings */,
				E500F53618987F380021F8B9 /* main.m */,
				E500F53818987F380021F8B9 /* SafeWalk-Prefix.pch */,
			);
			name = "Supporting Files";
			sourceTree = "<group>";
		};
		E500F55218987F380021F8B9 /* SafeWalkTests */ = {
			isa = PBXGroup;
			children = (
				E500F55818987F380021F8B9 /* SafeWalkTests.m */,
				E500F55318987F380021F8B9 /* Supporting Files */,
			);
			path = SafeWalkTests;
			sourceTree = "<group>";
		};
		E500F55318987F380021F8B9 /* Supporting Files */ = {
			isa = PBXGroup;
			children = (
				E500F55418987F380021F8B9 /* SafeWalkTests-Info.plist */,
				E500F55518987F380021F8B9 /* InfoPlist.strings */,
			);
			name = "Supporting Files";
			sourceTree = "<group>";
		};
/* End PBXGroup section */

/* Begin PBXNativeTarget section */
		E500F52618987F380021F8B9 /* SafeWalk */ = {
			isa = PBXNativeTarget;
			buildConfigurationList = E500F55C18987F380021F8B9 /* Build configuration list for PBXNativeTarget "SafeWalk" */;
			buildPhases = (
				E500F52318987F380021F8B9 /* Sources */,
				E500F52418987F380021F8B9 /* Frameworks */,
				E500F52518987F380021F8B9 /* Resources */,
			);
			buildRules = (
			);
			dependencies = (
			);
			name = SafeWalk;
			productName = SafeWalk;
			productReference = E500F52718987F380021F8B9 /* SafeWalk.app */;
			productType = "com.apple.product-type.application";
		};
		E500F54A18987F380021F8B9 /* SafeWalkTests */ = {
			isa = PBXNativeTarget;
			buildConfigurationList = E500F55F18987F380021F8B9 /* Build configuration list for PBXNativeTarget "SafeWalkTests" */;
			buildPhases = (
				E500F54718987F380021F8B9 /* Sources */,
				E500F54818987F380021F8B9 /* Frameworks */,
				E500F54918987F380021F8B9 /* Resources */,
			);
			buildRules = (
			);
			dependencies = (
				E500F55118987F380021F8B9 /* PBXTargetDependency */,
			);
			name = SafeWalkTests;
			productName = SafeWalkTests;
			productReference = E500F54B18987F380021F8B9 /* SafeWalkTests.xctest */;
			productType = "com.apple.product-type.bundle.unit-test";
		};
/* End PBXNativeTarget section */

/* Begin PBXProject section */
		E500F51F18987F380021F8B9 /* Project object */ = {
			isa = PBXProject;
			attributes = {
				LastUpgradeCheck = 0500;
				ORGANIZATIONNAME = "Aaron Peters";
				TargetAttributes = {
					E500F54A18987F380021F8B9 = {
						TestTargetID = E500F52618987F380021F8B9;
					};
				};
			};
			buildConfigurationList = E500F52218987F380021F8B9 /* Build configuration list for PBXProject "SafeWalk" */;
			compatibilityVersion = "Xcode 3.2";
			developmentRegion = English;
			hasScannedForEncodings = 0;
			knownRegions = (
				en,
				Base,
			);
			mainGroup = E500F51E18987F380021F8B9;
			productRefGroup = E500F52818987F380021F8B9 /* Products */;
			projectDirPath = "";
			projectRoot = "";
			targets = (
				E500F52618987F380021F8B9 /* SafeWalk */,
				E500F54A18987F380021F8B9 /* SafeWalkTests */,
			);
		};
/* End PBXProject section */

/* Begin PBXResourcesBuildPhase section */
		E500F52518987F380021F8B9 /* Resources */ = {
			isa = PBXResourcesBuildPhase;
			buildActionMask = 2147483647;
			files = (
				E500F54618987F380021F8B9 /* Images.xcassets in Resources */,
				E500F53518987F380021F8B9 /* InfoPlist.strings in Resources */,
				E500F53E18987F380021F8B9 /* Main.storyboard in Resources */,
			);
			runOnlyForDeploymentPostprocessing = 0;
		};
		E500F54918987F380021F8B9 /* Resources */ = {
			isa = PBXResourcesBuildPhase;
			buildActionMask = 2147483647;
			files = (
				E500F55718987F380021F8B9 /* InfoPlist.strings in Resources */,
			);
			runOnlyForDeploymentPostprocessing = 0;
		};
/* End PBXResourcesBuildPhase section */

/* Begin PBXSourcesBuildPhase section */
		E500F52318987F380021F8B9 /* Sources */ = {
			isa = PBXSourcesBuildPhase;
			buildActionMask = 2147483647;
			files = (
				E500F53B18987F380021F8B9 /* AppDelegate.m in Sources */,
				E500F54118987F380021F8B9 /* MasterViewController.m in Sources */,
				E500F53718987F380021F8B9 /* main.m in Sources */,
				E500F54418987F380021F8B9 /* DetailViewController.m in Sources */,
			);
			runOnlyForDeploymentPostprocessing = 0;
		};
		E500F54718987F380021F8B9 /* Sources */ = {
			isa = PBXSourcesBuildPhase;
			buildActionMask = 2147483647;
			files = (
				E500F55918987F380021F8B9 /* SafeWalkTests.m in Sources */,
			);
			runOnlyForDeploymentPostprocessing = 0;
		};
/* End PBXSourcesBuildPhase section */

/* Begin PBXTargetDependency section */
		E500F55118987F380021F8B9 /* PBXTargetDependency */ = {
			isa = PBXTargetDependency;
			target = E500F52618987F380021F8B9 /* SafeWalk */;
			targetProxy = E500F55018987F380021F8B9 /* PBXContainerItemProxy */;
		};
/* End PBXTargetDependency section */

/* Begin PBXVariantGroup section */
		E500F53318987F380021F8B9 /* InfoPlist.strings */ = {
			isa = PBXVariantGroup;
			children = (
				E500F53418987F380021F8B9 /* en */,
			);
			name = InfoPlist.strings;
			sourceTree = "<group>";
		};
		E500F53C18987F380021F8B9 /* Main.storyboard */ = {
			isa = PBXVariantGroup;
			children = (
				E500F53D18987F380021F8B9 /* Base */,
			);
			name = Main.storyboard;
			sourceTree = "<group>";
		};
		E500F55518987F380021F8B9 /* InfoPlist.strings */ = {
			isa = PBXVariantGroup;
			children = (
				E500F55618987F380021F8B9 /* en */,
			);
			name = InfoPlist.strings;
			sourceTree = "<group>";
		};
/* End PBXVariantGroup section */

/* Begin XCBuildConfiguration section */
		E500F55A18987F380021F8B9 /* Debug */ = {
			isa = XCBuildConfiguration;
			buildSettings = {
				ALWAYS_SEARCH_USER_PATHS = NO;
				ARCHS = "$(ARCHS_STANDARD_INCLUDING_64_BIT)";
				CLANG_CXX_LANGUAGE_STANDARD = "gnu++0x";
				CLANG_CXX_LIBRARY = "libc++";
				CLANG_ENABLE_MODULES = YES;
				CLANG_ENABLE_OBJC_ARC = YES;
				CLANG_WARN_BOOL_CONVERSION = YES;
				CLANG_WARN_CONSTANT_CONVERSION = YES;
				CLANG_WARN_DIRECT_OBJC_ISA_USAGE = YES_ERROR;
				CLANG_WARN_EMPTY_BODY = YES;
				CLANG_WARN_ENUM_CONVERSION = YES;
				CLANG_WARN_INT_CONVERSION = YES;
				CLANG_WARN_OBJC_ROOT_CLASS = YES_ERROR;
				CLANG_WARN__DUPLICATE_METHOD_MATCH = YES;
				"CODE_SIGN_IDENTITY[sdk=iphoneos*]" = "iPhone Developer";
				COPY_PHASE_STRIP = NO;
				GCC_C_LANGUAGE_STANDARD = gnu99;
				GCC_DYNAMIC_NO_PIC = NO;
				GCC_OPTIMIZATION_LEVEL = 0;
				GCC_PREPROCESSOR_DEFINITIONS = (
					"DEBUG=1",
					"$(inherited)",
				);
				GCC_SYMBOLS_PRIVATE_EXTERN = NO;
				GCC_WARN_64_TO_32_BIT_CONVERSION = YES;
				GCC_WARN_ABOUT_RETURN_TYPE = YES_ERROR;
				GCC_WARN_UNDECLARED_SELECTOR = YES;
				GCC_WARN_UNINITIALIZED_AUTOS = YES;
				GCC_WARN_UNUSED_FUNCTION = YES;
				GCC_WARN_UNUSED_VARIABLE = YES;
				IPHONEOS_DEPLOYMENT_TARGET = 7.0;
				ONLY_ACTIVE_ARCH = YES;
				SDKROOT = iphoneos;
			};
			name = Debug;
		};
		E500F55B18987F380021F8B9 /* Release */ = {
			isa = XCBuildConfiguration;
			buildSettings = {
				ALWAYS_SEARCH_USER_PATHS = NO;
				ARCHS = "$(ARCHS_STANDARD_INCLUDING_64_BIT)";
				CLANG_CXX_LANGUAGE_STANDARD = "gnu++0x";
				CLANG_CXX_LIBRARY = "libc++";
				CLANG_ENABLE_MODULES = YES;
				CLANG_ENABLE_OBJC_ARC = YES;
				CLANG_WARN_BOOL_CONVERSION = YES;
				CLANG_WARN_CONSTANT_CONVERSION = YES;
				CLANG_WARN_DIRECT_OBJC_ISA_USAGE = YES_ERROR;
				CLANG_WARN_EMPTY_BODY = YES;
				CLANG_WARN_ENUM_CONVERSION = YES;
				CLANG_WARN_INT_CONVERSION = YES;
				CLANG_WARN_OBJC_ROOT_CLASS = YES_ERROR;
				CLANG_WARN__DUPLICATE_METHOD_MATCH = YES;
				"CODE_SIGN_IDENTITY[sdk=iphoneos*]" = "iPhone Developer";
				COPY_PHASE_STRIP = YES;
				ENABLE_NS_ASSERTIONS = NO;
				GCC_C_LANGUAGE_STANDARD = gnu99;
				GCC_WARN_64_TO_32_BIT_CONVERSION = YES;
				GCC_WARN_ABOUT_RETURN_TYPE = YES_ERROR;
				GCC_WARN_UNDECLARED_SELECTOR = YES;
				GCC_WARN_UNINITIALIZED_AUTOS = YES;
				GCC_WARN_UNUSED_FUNCTION = YES;
				GCC_WARN_UNUSED_VARIABLE = YES;
				IPHONEOS_DEPLOYMENT_TARGET = 7.0;
				SDKROOT = iphoneos;
				VALIDATE_PRODUCT = YES;
			};
			name = Release;
		};
		E500F55D18987F380021F8B9 /* Debug */ = {
			isa = XCBuildConfiguration;
			buildSettings = {
				ASSETCATALOG_COMPILER_APPICON_NAME = AppIcon;
				ASSETCATALOG_COMPILER_LAUNCHIMAGE_NAME = LaunchImage;
				GCC_PRECOMPILE_PREFIX_HEADER = YES;
				GCC_PREFIX_HEADER = "SafeWalk/SafeWalk-Prefix.pch";
				INFOPLIST_FILE = "SafeWalk/SafeWalk-Info.plist";
				PRODUCT_NAME = "$(TARGET_NAME)";
				WRAPPER_EXTENSION = app;
			};
			name = Debug;
		};
		E500F55E18987F380021F8B9 /* Release */ = {
			isa = XCBuildConfiguration;
			buildSettings = {
				ASSETCATALOG_COMPILER_APPICON_NAME = AppIcon;
				ASSETCATALOG_COMPILER_LAUNCHIMAGE_NAME = LaunchImage;
				GCC_PRECOMPILE_PREFIX_HEADER = YES;
				GCC_PREFIX_HEADER = "SafeWalk/SafeWalk-Prefix.pch";
				INFOPLIST_FILE = "SafeWalk/SafeWalk-Info.plist";
				PRODUCT_NAME = "$(TARGET_NAME)";
				WRAPPER_EXTENSION = app;
			};
			name = Release;
		};
		E500F56018987F380021F8B9 /* Debug */ = {
			isa = XCBuildConfiguration;
			buildSettings = {
				ARCHS = "$(ARCHS_STANDARD_INCLUDING_64_BIT)";
				BUNDLE_LOADER = "$(BUILT_PRODUCTS_DIR)/SafeWalk.app/SafeWalk";
				FRAMEWORK_SEARCH_PATHS = (
					"$(SDKROOT)/Developer/Library/Frameworks",
					"$(inherited)",
					"$(DEVELOPER_FRAMEWORKS_DIR)",
				);
				GCC_PRECOMPILE_PREFIX_HEADER = YES;
				GCC_PREFIX_HEADER = "SafeWalk/SafeWalk-Prefix.pch";
				GCC_PREPROCESSOR_DEFINITIONS = (
					"DEBUG=1",
					"$(inherited)",
				);
				INFOPLIST_FILE = "SafeWalkTests/SafeWalkTests-Info.plist";
				PRODUCT_NAME = "$(TARGET_NAME)";
				TEST_HOST = "$(BUNDLE_LOADER)";
				WRAPPER_EXTENSION = xctest;
			};
			name = Debug;
		};
		E500F56118987F380021F8B9 /* Release */ = {
			isa = XCBuildConfiguration;
			buildSettings = {
				ARCHS = "$(ARCHS_STANDARD_INCLUDING_64_BIT)";
				BUNDLE_LOADER = "$(BUILT_PRODUCTS_DIR)/SafeWalk.app/SafeWalk";
				FRAMEWORK_SEARCH_PATHS = (
					"$(SDKROOT)/Developer/Library/Frameworks",
					"$(inherited)",
					"$(DEVELOPER_FRAMEWORKS_DIR)",
				);
				GCC_PRECOMPILE_PREFIX_HEADER = YES;
				GCC_PREFIX_HEADER = "SafeWalk/SafeWalk-Prefix.pch";
				INFOPLIST_FILE = "SafeWalkTests/SafeWalkTests-Info.plist";
				PRODUCT_NAME = "$(TARGET_NAME)";
				TEST_HOST = "$(BUNDLE_LOADER)";
				WRAPPER_EXTENSION = xctest;
			};
			name = Release;
		};
/* End XCBuildConfiguration section */

/* Begin XCConfigurationList section */
		E500F52218987F380021F8B9 /* Build configuration list for PBXProject "SafeWalk" */ = {
			isa = XCConfigurationList;
			buildConfigurations = (
				E500F55A18987F380021F8B9 /* Debug */,
				E500F55B18987F380021F8B9 /* Release */,
			);
			defaultConfigurationIsVisible = 0;
			defaultConfigurationName = Release;
		};
		E500F55C18987F380021F8B9 /* Build configuration list for PBXNativeTarget "SafeWalk" */ = {
			isa = XCConfigurationList;
			buildConfigurations = (
				E500F55D18987F380021F8B9 /* Debug */,
				E500F55E18987F380021F8B9 /* Release */,
			);
			defaultConfigurationIsVisible = 0;
		};
		E500F55F18987F380021F8B9 /* Build configuration list for PBXNativeTarget "SafeWalkTests" */ = {
			isa = XCConfigurationList;
			buildConfigurations = (
				E500F56018987F380021F8B9 /* Debug */,
				E500F56118987F380021F8B9 /* Release */,
			);
			defaultConfigurationIsVisible = 0;
		};
/* End XCConfigurationList section */
	};
	rootObject = E500F51F18987F380021F8B9 /* Project object */;
}
