// !$*UTF8*$!
{
	archiveVersion = 1;
	classes = {
	};
	objectVersion = 46;
	objects = {

/* Begin PBXBuildFile section */
		FCF7676E1A0ACF7F00CADFB2 /* AppDelegate.swift in Sources */ = {isa = PBXBuildFile; fileRef = FCF7676D1A0ACF7F00CADFB2 /* AppDelegate.swift */; };
		FCF767701A0ACF7F00CADFB2 /* ViewController.swift in Sources */ = {isa = PBXBuildFile; fileRef = FCF7676F1A0ACF7F00CADFB2 /* ViewController.swift */; };
		FCF767731A0ACF7F00CADFB2 /* Main.storyboard in Resources */ = {isa = PBXBuildFile; fileRef = FCF767711A0ACF7F00CADFB2 /* Main.storyboard */; };
		FCF767751A0ACF7F00CADFB2 /* Images.xcassets in Resources */ = {isa = PBXBuildFile; fileRef = FCF767741A0ACF7F00CADFB2 /* Images.xcassets */; };
		FCF767781A0ACF7F00CADFB2 /* LaunchScreen.xib in Resources */ = {isa = PBXBuildFile; fileRef = FCF767761A0ACF7F00CADFB2 /* LaunchScreen.xib */; };
		FCF767841A0ACF7F00CADFB2 /* SafeWalkTests.swift in Sources */ = {isa = PBXBuildFile; fileRef = FCF767831A0ACF7F00CADFB2 /* SafeWalkTests.swift */; };
/* End PBXBuildFile section */

/* Begin PBXContainerItemProxy section */
		FCF7677E1A0ACF7F00CADFB2 /* PBXContainerItemProxy */ = {
			isa = PBXContainerItemProxy;
			containerPortal = FCF767601A0ACF7F00CADFB2 /* Project object */;
			proxyType = 1;
			remoteGlobalIDString = FCF767671A0ACF7F00CADFB2;
			remoteInfo = SafeWalk;
		};
/* End PBXContainerItemProxy section */

/* Begin PBXFileReference section */
		FCF767681A0ACF7F00CADFB2 /* SafeWalk.app */ = {isa = PBXFileReference; explicitFileType = wrapper.application; includeInIndex = 0; path = SafeWalk.app; sourceTree = BUILT_PRODUCTS_DIR; };
		FCF7676C1A0ACF7F00CADFB2 /* Info.plist */ = {isa = PBXFileReference; lastKnownFileType = text.plist.xml; path = Info.plist; sourceTree = "<group>"; };
		FCF7676D1A0ACF7F00CADFB2 /* AppDelegate.swift */ = {isa = PBXFileReference; lastKnownFileType = sourcecode.swift; path = AppDelegate.swift; sourceTree = "<group>"; };
		FCF7676F1A0ACF7F00CADFB2 /* ViewController.swift */ = {isa = PBXFileReference; lastKnownFileType = sourcecode.swift; path = ViewController.swift; sourceTree = "<group>"; };
		FCF767721A0ACF7F00CADFB2 /* Base */ = {isa = PBXFileReference; lastKnownFileType = file.storyboard; name = Base; path = Base.lproj/Main.storyboard; sourceTree = "<group>"; };
		FCF767741A0ACF7F00CADFB2 /* Images.xcassets */ = {isa = PBXFileReference; lastKnownFileType = folder.assetcatalog; path = Images.xcassets; sourceTree = "<group>"; };
		FCF767771A0ACF7F00CADFB2 /* Base */ = {isa = PBXFileReference; lastKnownFileType = file.xib; name = Base; path = Base.lproj/LaunchScreen.xib; sourceTree = "<group>"; };
		FCF7677D1A0ACF7F00CADFB2 /* SafeWalkTests.xctest */ = {isa = PBXFileReference; explicitFileType = wrapper.cfbundle; includeInIndex = 0; path = SafeWalkTests.xctest; sourceTree = BUILT_PRODUCTS_DIR; };
		FCF767821A0ACF7F00CADFB2 /* Info.plist */ = {isa = PBXFileReference; lastKnownFileType = text.plist.xml; path = Info.plist; sourceTree = "<group>"; };
		FCF767831A0ACF7F00CADFB2 /* SafeWalkTests.swift */ = {isa = PBXFileReference; lastKnownFileType = sourcecode.swift; path = SafeWalkTests.swift; sourceTree = "<group>"; };
/* End PBXFileReference section */

/* Begin PBXFrameworksBuildPhase section */
		FCF767651A0ACF7F00CADFB2 /* Frameworks */ = {
			isa = PBXFrameworksBuildPhase;
			buildActionMask = 2147483647;
			files = (
			);
			runOnlyForDeploymentPostprocessing = 0;
		};
		FCF7677A1A0ACF7F00CADFB2 /* Frameworks */ = {
			isa = PBXFrameworksBuildPhase;
			buildActionMask = 2147483647;
			files = (
			);
			runOnlyForDeploymentPostprocessing = 0;
		};
/* End PBXFrameworksBuildPhase section */

/* Begin PBXGroup section */
		FCF7675F1A0ACF7F00CADFB2 = {
			isa = PBXGroup;
			children = (
				FCF7676A1A0ACF7F00CADFB2 /* SafeWalk */,
				FCF767801A0ACF7F00CADFB2 /* SafeWalkTests */,
				FCF767691A0ACF7F00CADFB2 /* Products */,
			);
			sourceTree = "<group>";
		};
		FCF767691A0ACF7F00CADFB2 /* Products */ = {
			isa = PBXGroup;
			children = (
				FCF767681A0ACF7F00CADFB2 /* SafeWalk.app */,
				FCF7677D1A0ACF7F00CADFB2 /* SafeWalkTests.xctest */,
			);
			name = Products;
			sourceTree = "<group>";
		};
		FCF7676A1A0ACF7F00CADFB2 /* SafeWalk */ = {
			isa = PBXGroup;
			children = (
				FCF7676D1A0ACF7F00CADFB2 /* AppDelegate.swift */,
				FCF7676F1A0ACF7F00CADFB2 /* ViewController.swift */,
				FCF767711A0ACF7F00CADFB2 /* Main.storyboard */,
				FCF767741A0ACF7F00CADFB2 /* Images.xcassets */,
				FCF767761A0ACF7F00CADFB2 /* LaunchScreen.xib */,
				FCF7676B1A0ACF7F00CADFB2 /* Supporting Files */,
			);
			path = SafeWalk;
			sourceTree = "<group>";
		};
		FCF7676B1A0ACF7F00CADFB2 /* Supporting Files */ = {
			isa = PBXGroup;
			children = (
				FCF7676C1A0ACF7F00CADFB2 /* Info.plist */,
			);
			name = "Supporting Files";
			sourceTree = "<group>";
		};
		FCF767801A0ACF7F00CADFB2 /* SafeWalkTests */ = {
			isa = PBXGroup;
			children = (
				FCF767831A0ACF7F00CADFB2 /* SafeWalkTests.swift */,
				FCF767811A0ACF7F00CADFB2 /* Supporting Files */,
			);
			path = SafeWalkTests;
			sourceTree = "<group>";
		};
		FCF767811A0ACF7F00CADFB2 /* Supporting Files */ = {
			isa = PBXGroup;
			children = (
				FCF767821A0ACF7F00CADFB2 /* Info.plist */,
			);
			name = "Supporting Files";
			sourceTree = "<group>";
		};
/* End PBXGroup section */

/* Begin PBXNativeTarget section */
		FCF767671A0ACF7F00CADFB2 /* SafeWalk */ = {
			isa = PBXNativeTarget;
			buildConfigurationList = FCF767871A0ACF7F00CADFB2 /* Build configuration list for PBXNativeTarget "SafeWalk" */;
			buildPhases = (
				FCF767641A0ACF7F00CADFB2 /* Sources */,
				FCF767651A0ACF7F00CADFB2 /* Frameworks */,
				FCF767661A0ACF7F00CADFB2 /* Resources */,
			);
			buildRules = (
			);
			dependencies = (
			);
			name = SafeWalk;
			productName = SafeWalk;
			productReference = FCF767681A0ACF7F00CADFB2 /* SafeWalk.app */;
			productType = "com.apple.product-type.application";
		};
		FCF7677C1A0ACF7F00CADFB2 /* SafeWalkTests */ = {
			isa = PBXNativeTarget;
			buildConfigurationList = FCF7678A1A0ACF7F00CADFB2 /* Build configuration list for PBXNativeTarget "SafeWalkTests" */;
			buildPhases = (
				FCF767791A0ACF7F00CADFB2 /* Sources */,
				FCF7677A1A0ACF7F00CADFB2 /* Frameworks */,
				FCF7677B1A0ACF7F00CADFB2 /* Resources */,
			);
			buildRules = (
			);
			dependencies = (
				FCF7677F1A0ACF7F00CADFB2 /* PBXTargetDependency */,
			);
			name = SafeWalkTests;
			productName = SafeWalkTests;
			productReference = FCF7677D1A0ACF7F00CADFB2 /* SafeWalkTests.xctest */;
			productType = "com.apple.product-type.bundle.unit-test";
		};
/* End PBXNativeTarget section */

/* Begin PBXProject section */
		FCF767601A0ACF7F00CADFB2 /* Project object */ = {
			isa = PBXProject;
			attributes = {
				LastUpgradeCheck = 0610;
				ORGANIZATIONNAME = "Purdue University";
				TargetAttributes = {
					FCF767671A0ACF7F00CADFB2 = {
						CreatedOnToolsVersion = 6.1;
					};
					FCF7677C1A0ACF7F00CADFB2 = {
						CreatedOnToolsVersion = 6.1;
						TestTargetID = FCF767671A0ACF7F00CADFB2;
					};
				};
			};
			buildConfigurationList = FCF767631A0ACF7F00CADFB2 /* Build configuration list for PBXProject "SafeWalk" */;
			compatibilityVersion = "Xcode 3.2";
			developmentRegion = English;
			hasScannedForEncodings = 0;
			knownRegions = (
				en,
				Base,
			);
			mainGroup = FCF7675F1A0ACF7F00CADFB2;
			productRefGroup = FCF767691A0ACF7F00CADFB2 /* Products */;
			projectDirPath = "";
			projectRoot = "";
			targets = (
				FCF767671A0ACF7F00CADFB2 /* SafeWalk */,
				FCF7677C1A0ACF7F00CADFB2 /* SafeWalkTests */,
			);
		};
/* End PBXProject section */

/* Begin PBXResourcesBuildPhase section */
		FCF767661A0ACF7F00CADFB2 /* Resources */ = {
			isa = PBXResourcesBuildPhase;
			buildActionMask = 2147483647;
			files = (
				FCF767731A0ACF7F00CADFB2 /* Main.storyboard in Resources */,
				FCF767781A0ACF7F00CADFB2 /* LaunchScreen.xib in Resources */,
				FCF767751A0ACF7F00CADFB2 /* Images.xcassets in Resources */,
			);
			runOnlyForDeploymentPostprocessing = 0;
		};
		FCF7677B1A0ACF7F00CADFB2 /* Resources */ = {
			isa = PBXResourcesBuildPhase;
			buildActionMask = 2147483647;
			files = (
			);
			runOnlyForDeploymentPostprocessing = 0;
		};
/* End PBXResourcesBuildPhase section */

/* Begin PBXSourcesBuildPhase section */
		FCF767641A0ACF7F00CADFB2 /* Sources */ = {
			isa = PBXSourcesBuildPhase;
			buildActionMask = 2147483647;
			files = (
				FCF767701A0ACF7F00CADFB2 /* ViewController.swift in Sources */,
				FCF7676E1A0ACF7F00CADFB2 /* AppDelegate.swift in Sources */,
			);
			runOnlyForDeploymentPostprocessing = 0;
		};
		FCF767791A0ACF7F00CADFB2 /* Sources */ = {
			isa = PBXSourcesBuildPhase;
			buildActionMask = 2147483647;
			files = (
				FCF767841A0ACF7F00CADFB2 /* SafeWalkTests.swift in Sources */,
			);
			runOnlyForDeploymentPostprocessing = 0;
		};
/* End PBXSourcesBuildPhase section */

/* Begin PBXTargetDependency section */
		FCF7677F1A0ACF7F00CADFB2 /* PBXTargetDependency */ = {
			isa = PBXTargetDependency;
			target = FCF767671A0ACF7F00CADFB2 /* SafeWalk */;
			targetProxy = FCF7677E1A0ACF7F00CADFB2 /* PBXContainerItemProxy */;
		};
/* End PBXTargetDependency section */

/* Begin PBXVariantGroup section */
		FCF767711A0ACF7F00CADFB2 /* Main.storyboard */ = {
			isa = PBXVariantGroup;
			children = (
				FCF767721A0ACF7F00CADFB2 /* Base */,
			);
			name = Main.storyboard;
			sourceTree = "<group>";
		};
		FCF767761A0ACF7F00CADFB2 /* LaunchScreen.xib */ = {
			isa = PBXVariantGroup;
			children = (
				FCF767771A0ACF7F00CADFB2 /* Base */,
			);
			name = LaunchScreen.xib;
			sourceTree = "<group>";
		};
/* End PBXVariantGroup section */

/* Begin XCBuildConfiguration section */
		FCF767851A0ACF7F00CADFB2 /* Debug */ = {
			isa = XCBuildConfiguration;
			buildSettings = {
				ALWAYS_SEARCH_USER_PATHS = NO;
				CLANG_CXX_LANGUAGE_STANDARD = "gnu++0x";
				CLANG_CXX_LIBRARY = "libc++";
				CLANG_ENABLE_MODULES = YES;
				CLANG_ENABLE_OBJC_ARC = YES;
				CLANG_WARN_BOOL_CONVERSION = YES;
				CLANG_WARN_CONSTANT_CONVERSION = YES;
				CLANG_WARN_DIRECT_OBJC_ISA_USAGE = YES_ERROR;
				CLANG_WARN_EMPTY_BODY = YES;
				CLANG_WARN_ENUM_CONVERSION = YES;
				CLANG_WARN_INT_CONVERSION = YES;
				CLANG_WARN_OBJC_ROOT_CLASS = YES_ERROR;
				CLANG_WARN_UNREACHABLE_CODE = YES;
				CLANG_WARN__DUPLICATE_METHOD_MATCH = YES;
				"CODE_SIGN_IDENTITY[sdk=iphoneos*]" = "iPhone Developer";
				COPY_PHASE_STRIP = NO;
				ENABLE_STRICT_OBJC_MSGSEND = YES;
				GCC_C_LANGUAGE_STANDARD = gnu99;
				GCC_DYNAMIC_NO_PIC = NO;
				GCC_OPTIMIZATION_LEVEL = 0;
				GCC_PREPROCESSOR_DEFINITIONS = (
					"DEBUG=1",
					"$(inherited)",
				);
				GCC_SYMBOLS_PRIVATE_EXTERN = NO;
				GCC_WARN_64_TO_32_BIT_CONVERSION = YES;
				GCC_WARN_ABOUT_RETURN_TYPE = YES_ERROR;
				GCC_WARN_UNDECLARED_SELECTOR = YES;
				GCC_WARN_UNINITIALIZED_AUTOS = YES_AGGRESSIVE;
				GCC_WARN_UNUSED_FUNCTION = YES;
				GCC_WARN_UNUSED_VARIABLE = YES;
				IPHONEOS_DEPLOYMENT_TARGET = 8.1;
				MTL_ENABLE_DEBUG_INFO = YES;
				ONLY_ACTIVE_ARCH = YES;
				SDKROOT = iphoneos;
				SWIFT_OPTIMIZATION_LEVEL = "-Onone";
			};
			name = Debug;
		};
		FCF767861A0ACF7F00CADFB2 /* Release */ = {
			isa = XCBuildConfiguration;
			buildSettings = {
				ALWAYS_SEARCH_USER_PATHS = NO;
				CLANG_CXX_LANGUAGE_STANDARD = "gnu++0x";
				CLANG_CXX_LIBRARY = "libc++";
				CLANG_ENABLE_MODULES = YES;
				CLANG_ENABLE_OBJC_ARC = YES;
				CLANG_WARN_BOOL_CONVERSION = YES;
				CLANG_WARN_CONSTANT_CONVERSION = YES;
				CLANG_WARN_DIRECT_OBJC_ISA_USAGE = YES_ERROR;
				CLANG_WARN_EMPTY_BODY = YES;
				CLANG_WARN_ENUM_CONVERSION = YES;
				CLANG_WARN_INT_CONVERSION = YES;
				CLANG_WARN_OBJC_ROOT_CLASS = YES_ERROR;
				CLANG_WARN_UNREACHABLE_CODE = YES;
				CLANG_WARN__DUPLICATE_METHOD_MATCH = YES;
				"CODE_SIGN_IDENTITY[sdk=iphoneos*]" = "iPhone Developer";
				COPY_PHASE_STRIP = YES;
				ENABLE_NS_ASSERTIONS = NO;
				ENABLE_STRICT_OBJC_MSGSEND = YES;
				GCC_C_LANGUAGE_STANDARD = gnu99;
				GCC_WARN_64_TO_32_BIT_CONVERSION = YES;
				GCC_WARN_ABOUT_RETURN_TYPE = YES_ERROR;
				GCC_WARN_UNDECLARED_SELECTOR = YES;
				GCC_WARN_UNINITIALIZED_AUTOS = YES_AGGRESSIVE;
				GCC_WARN_UNUSED_FUNCTION = YES;
				GCC_WARN_UNUSED_VARIABLE = YES;
				IPHONEOS_DEPLOYMENT_TARGET = 8.1;
				MTL_ENABLE_DEBUG_INFO = NO;
				SDKROOT = iphoneos;
				VALIDATE_PRODUCT = YES;
			};
			name = Release;
		};
		FCF767881A0ACF7F00CADFB2 /* Debug */ = {
			isa = XCBuildConfiguration;
			buildSettings = {
				ASSETCATALOG_COMPILER_APPICON_NAME = AppIcon;
				INFOPLIST_FILE = SafeWalk/Info.plist;
				LD_RUNPATH_SEARCH_PATHS = "$(inherited) @executable_path/Frameworks";
				PRODUCT_NAME = "$(TARGET_NAME)";
			};
			name = Debug;
		};
		FCF767891A0ACF7F00CADFB2 /* Release */ = {
			isa = XCBuildConfiguration;
			buildSettings = {
				ASSETCATALOG_COMPILER_APPICON_NAME = AppIcon;
				INFOPLIST_FILE = SafeWalk/Info.plist;
				LD_RUNPATH_SEARCH_PATHS = "$(inherited) @executable_path/Frameworks";
				PRODUCT_NAME = "$(TARGET_NAME)";
			};
			name = Release;
		};
		FCF7678B1A0ACF7F00CADFB2 /* Debug */ = {
			isa = XCBuildConfiguration;
			buildSettings = {
				BUNDLE_LOADER = "$(TEST_HOST)";
				FRAMEWORK_SEARCH_PATHS = (
					"$(SDKROOT)/Developer/Library/Frameworks",
					"$(inherited)",
				);
				GCC_PREPROCESSOR_DEFINITIONS = (
					"DEBUG=1",
					"$(inherited)",
				);
				INFOPLIST_FILE = SafeWalkTests/Info.plist;
				LD_RUNPATH_SEARCH_PATHS = "$(inherited) @executable_path/Frameworks @loader_path/Frameworks";
				PRODUCT_NAME = "$(TARGET_NAME)";
				TEST_HOST = "$(BUILT_PRODUCTS_DIR)/SafeWalk.app/SafeWalk";
			};
			name = Debug;
		};
		FCF7678C1A0ACF7F00CADFB2 /* Release */ = {
			isa = XCBuildConfiguration;
			buildSettings = {
				BUNDLE_LOADER = "$(TEST_HOST)";
				FRAMEWORK_SEARCH_PATHS = (
					"$(SDKROOT)/Developer/Library/Frameworks",
					"$(inherited)",
				);
				INFOPLIST_FILE = SafeWalkTests/Info.plist;
				LD_RUNPATH_SEARCH_PATHS = "$(inherited) @executable_path/Frameworks @loader_path/Frameworks";
				PRODUCT_NAME = "$(TARGET_NAME)";
				TEST_HOST = "$(BUILT_PRODUCTS_DIR)/SafeWalk.app/SafeWalk";
			};
			name = Release;
		};
/* End XCBuildConfiguration section */

/* Begin XCConfigurationList section */
		FCF767631A0ACF7F00CADFB2 /* Build configuration list for PBXProject "SafeWalk" */ = {
			isa = XCConfigurationList;
			buildConfigurations = (
				FCF767851A0ACF7F00CADFB2 /* Debug */,
				FCF767861A0ACF7F00CADFB2 /* Release */,
			);
			defaultConfigurationIsVisible = 0;
			defaultConfigurationName = Release;
		};
		FCF767871A0ACF7F00CADFB2 /* Build configuration list for PBXNativeTarget "SafeWalk" */ = {
			isa = XCConfigurationList;
			buildConfigurations = (
				FCF767881A0ACF7F00CADFB2 /* Debug */,
				FCF767891A0ACF7F00CADFB2 /* Release */,
			);
			defaultConfigurationIsVisible = 0;
		};
		FCF7678A1A0ACF7F00CADFB2 /* Build configuration list for PBXNativeTarget "SafeWalkTests" */ = {
			isa = XCConfigurationList;
			buildConfigurations = (
				FCF7678B1A0ACF7F00CADFB2 /* Debug */,
				FCF7678C1A0ACF7F00CADFB2 /* Release */,
			);
			defaultConfigurationIsVisible = 0;
		};
/* End XCConfigurationList section */
	};
	rootObject = FCF767601A0ACF7F00CADFB2 /* Project object */;
}
